{
  "name": "@landstrip/landstrip",
  "version": "0.17.26",
  "lockfileVersion": 3,
  "requires": true,
  "packages": {
    "": {
      "name": "@landstrip/landstrip",
      "version": "0.17.26",
      "license": "Apache-2.0 AND LGPL-2.1-or-later",
      "workspaces": [
        "packages/*"
      ],
      "bin": {
        "landstrip": "bin/landstrip.js"
      },
      "engines": {
        "node": ">=18"
      },
      "optionalDependencies": {
        "@landstrip/landstrip-darwin-arm64": "0.17.26",
        "@landstrip/landstrip-darwin-x64": "0.17.26",
        "@landstrip/landstrip-linux-arm64": "0.17.26",
        "@landstrip/landstrip-linux-x64": "0.17.26",
        "@landstrip/landstrip-win32-arm64": "0.17.26",
        "@landstrip/landstrip-win32-x64": "0.17.26"
      }
    },
    "node_modules/@landstrip/landstrip-darwin-arm64": {
      "version": "0.17.26",
      "resolved": "https://registry.npmjs.org/@landstrip/landstrip-darwin-arm64/-/landstrip-darwin-arm64-0.17.26.tgz",
      "cpu": [
        "arm64"
      ],
      "license": "Apache-2.0 AND LGPL-2.1-or-later",
      "optional": true,
      "os": [
        "darwin"
      ]
    },
    "node_modules/@landstrip/landstrip-darwin-x64": {
      "version": "0.17.26",
      "resolved": "https://registry.npmjs.org/@landstrip/landstrip-darwin-x64/-/landstrip-darwin-x64-0.17.26.tgz",
      "cpu": [
        "x64"
      ],
      "license": "Apache-2.0 AND LGPL-2.1-or-later",
      "optional": true,
      "os": [
        "darwin"
      ]
    },
    "node_modules/@landstrip/landstrip-linux-x64": {
      "version": "0.17.26",
      "resolved": "https://registry.npmjs.org/@landstrip/landstrip-linux-x64/-/landstrip-linux-x64-0.17.26.tgz",
      "cpu": [
        "x64"
      ],
      "license": "Apache-2.0 AND LGPL-2.1-or-later",
      "optional": true,
      "os": [
        "linux"
      ]
    },
    "node_modules/@landstrip/landstrip-linux-arm64": {
      "version": "0.17.26",
      "resolved": "https://registry.npmjs.org/@landstrip/landstrip-linux-arm64/-/landstrip-linux-arm64-0.17.26.tgz",
      "cpu": [
        "arm64"
      ],
      "license": "Apache-2.0 AND LGPL-2.1-or-later",
      "optional": true,
      "os": [
        "linux"
      ]
    },
    "node_modules/@landstrip/landstrip-win32-x64": {
      "version": "0.17.26",
      "resolved": "https://registry.npmjs.org/@landstrip/landstrip-win32-x64/-/landstrip-win32-x64-0.17.26.tgz",
      "cpu": [
        "x64"
      ],
      "license": "Apache-2.0 AND LGPL-2.1-or-later",
      "optional": true,
      "os": [
        "win32"
      ]
    },
    "node_modules/@landstrip/landstrip-win32-arm64": {
      "version": "0.17.26",
      "resolved": "https://registry.npmjs.org/@landstrip/landstrip-win32-arm64/-/landstrip-win32-arm64-0.17.26.tgz",
      "cpu": [
        "arm64"
      ],
      "license": "Apache-2.0 AND LGPL-2.1-or-later",
      "optional": true,
      "os": [
        "win32"
      ]
    }
  }
}
