{
  "name": "@landstrip/landstrip",
  "version": "0.17.33",
  "lockfileVersion": 3,
  "requires": true,
  "packages": {
    "": {
      "name": "@landstrip/landstrip",
      "version": "0.17.33",
      "license": "Apache-2.0 AND LGPL-2.1-or-later",
      "workspaces": [
        "packages/*"
      ],
      "bin": {
        "landstrip": "bin/landstrip.js"
      },
      "engines": {
        "node": ">=18"
      },
      "optionalDependencies": {
        "@landstrip/landstrip-darwin-arm64": "0.17.33",
        "@landstrip/landstrip-darwin-x64": "0.17.33",
        "@landstrip/landstrip-linux-arm64": "0.17.33",
        "@landstrip/landstrip-linux-x64": "0.17.33",
        "@landstrip/landstrip-win32-arm64": "0.17.33",
        "@landstrip/landstrip-win32-x64": "0.17.33"
      }
    },
    "node_modules/@landstrip/landstrip-darwin-arm64": {
      "version": "0.17.33",
      "resolved": "https://registry.npmjs.org/@landstrip/landstrip-darwin-arm64/-/landstrip-darwin-arm64-0.17.33.tgz",
      "cpu": [
        "arm64"
      ],
      "license": "Apache-2.0 AND LGPL-2.1-or-later",
      "optional": true,
      "os": [
        "darwin"
      ],
      "integrity": "sha512-CV70G6RjiqQBN3FkMejaYxI4NU+2qO9ebArD2UJSvwsqOHKlOi9Gqs9NbRDr70P0NTetynoRNBQBpL2Cv/MibQ=="
    },
    "node_modules/@landstrip/landstrip-darwin-x64": {
      "version": "0.17.33",
      "resolved": "https://registry.npmjs.org/@landstrip/landstrip-darwin-x64/-/landstrip-darwin-x64-0.17.33.tgz",
      "cpu": [
        "x64"
      ],
      "license": "Apache-2.0 AND LGPL-2.1-or-later",
      "optional": true,
      "os": [
        "darwin"
      ],
      "integrity": "sha512-dc7aDITyspbz8wTrwch3v57FlAtB5e88YrR71FdRQ9D2kW0lca06PGEh+XtyONeRRRdxbPr6qyfvpLrUSm2SwQ=="
    },
    "node_modules/@landstrip/landstrip-linux-x64": {
      "version": "0.17.33",
      "resolved": "https://registry.npmjs.org/@landstrip/landstrip-linux-x64/-/landstrip-linux-x64-0.17.33.tgz",
      "cpu": [
        "x64"
      ],
      "license": "Apache-2.0 AND LGPL-2.1-or-later",
      "optional": true,
      "os": [
        "linux"
      ],
      "integrity": "sha512-9iplLLTekn98AVlUy5ej5q+CTTHStZHdqYBm0GdVgNeGlooFXXPdtaBhnLYz6KYOCmSvWia51wBE+MpYhX37hQ=="
    },
    "node_modules/@landstrip/landstrip-linux-arm64": {
      "version": "0.17.33",
      "resolved": "https://registry.npmjs.org/@landstrip/landstrip-linux-arm64/-/landstrip-linux-arm64-0.17.33.tgz",
      "cpu": [
        "arm64"
      ],
      "license": "Apache-2.0 AND LGPL-2.1-or-later",
      "optional": true,
      "os": [
        "linux"
      ],
      "integrity": "sha512-YhKVeJOb7KJYSAE7gbzBEHg3uUaGFHN8oixG4oJ5qFKAKTN55YotIgXkrAcH/6YYpb4U9wICzno+GQWlphrWhQ=="
    },
    "node_modules/@landstrip/landstrip-win32-x64": {
      "version": "0.17.33",
      "resolved": "https://registry.npmjs.org/@landstrip/landstrip-win32-x64/-/landstrip-win32-x64-0.17.33.tgz",
      "cpu": [
        "x64"
      ],
      "license": "Apache-2.0 AND LGPL-2.1-or-later",
      "optional": true,
      "os": [
        "win32"
      ],
      "integrity": "sha512-d/+LLQ4Y9JK8GzKNtS1wBOANOgPPy9Yr+JknKs3D3w5gTFGWgaJCW7+v/eooPL0cAwgcQOx7zDeE3bD8N6y9AQ=="
    },
    "node_modules/@landstrip/landstrip-win32-arm64": {
      "version": "0.17.33",
      "resolved": "https://registry.npmjs.org/@landstrip/landstrip-win32-arm64/-/landstrip-win32-arm64-0.17.33.tgz",
      "cpu": [
        "arm64"
      ],
      "license": "Apache-2.0 AND LGPL-2.1-or-later",
      "optional": true,
      "os": [
        "win32"
      ],
      "integrity": "sha512-gL0A5cOVRJfqtiErXw5npywbwc4nx+PmWdlPqldCf2W5LexoRGNO+DloXuO3Qnv8S6sH80N3w7ac8mH/b+N9uQ=="
    }
  }
}
