{
  "name": "@landstrip/landstrip",
  "version": "0.17.30",
  "lockfileVersion": 3,
  "requires": true,
  "packages": {
    "": {
      "name": "@landstrip/landstrip",
      "version": "0.17.30",
      "license": "Apache-2.0 AND LGPL-2.1-or-later",
      "workspaces": [
        "packages/*"
      ],
      "bin": {
        "landstrip": "bin/landstrip.js"
      },
      "engines": {
        "node": ">=18"
      },
      "optionalDependencies": {
        "@landstrip/landstrip-darwin-arm64": "0.17.30",
        "@landstrip/landstrip-darwin-x64": "0.17.30",
        "@landstrip/landstrip-linux-arm64": "0.17.30",
        "@landstrip/landstrip-linux-x64": "0.17.30",
        "@landstrip/landstrip-win32-arm64": "0.17.30",
        "@landstrip/landstrip-win32-x64": "0.17.30"
      }
    },
    "node_modules/@landstrip/landstrip-darwin-arm64": {
      "version": "0.17.30",
      "resolved": "https://registry.npmjs.org/@landstrip/landstrip-darwin-arm64/-/landstrip-darwin-arm64-0.17.30.tgz",
      "cpu": [
        "arm64"
      ],
      "license": "Apache-2.0 AND LGPL-2.1-or-later",
      "optional": true,
      "os": [
        "darwin"
      ],
      "integrity": "sha512-8EipAVx6BcpvckPqa0x+TAHO5ML3P05xtIPnAI0js+eYPRvv6o4LiJztNP6PR1MHxrj/RtswHvIZChP6QVfqhg=="
    },
    "node_modules/@landstrip/landstrip-darwin-x64": {
      "version": "0.17.30",
      "resolved": "https://registry.npmjs.org/@landstrip/landstrip-darwin-x64/-/landstrip-darwin-x64-0.17.30.tgz",
      "cpu": [
        "x64"
      ],
      "license": "Apache-2.0 AND LGPL-2.1-or-later",
      "optional": true,
      "os": [
        "darwin"
      ],
      "integrity": "sha512-Ugx3eYKyPfoo9HGDjBucFTOtLwZA488ZnS1NV/ZMFgzjYmcVNpdPAsJLvSP0DitsmejlkJdDXLYwJnXA69cHCQ=="
    },
    "node_modules/@landstrip/landstrip-linux-x64": {
      "version": "0.17.30",
      "resolved": "https://registry.npmjs.org/@landstrip/landstrip-linux-x64/-/landstrip-linux-x64-0.17.30.tgz",
      "cpu": [
        "x64"
      ],
      "license": "Apache-2.0 AND LGPL-2.1-or-later",
      "optional": true,
      "os": [
        "linux"
      ],
      "integrity": "sha512-g3N+UZlJKCFZ280W3dRoaFak1kCZhxX0I+ziSOTliF7dpT23Ew8WqoS7A43Ph27IINSRmTfBswDcJAJ96afomg=="
    },
    "node_modules/@landstrip/landstrip-linux-arm64": {
      "version": "0.17.30",
      "resolved": "https://registry.npmjs.org/@landstrip/landstrip-linux-arm64/-/landstrip-linux-arm64-0.17.30.tgz",
      "cpu": [
        "arm64"
      ],
      "license": "Apache-2.0 AND LGPL-2.1-or-later",
      "optional": true,
      "os": [
        "linux"
      ],
      "integrity": "sha512-nzCY0UjIBz1j6zXrO+FN6UJspkHliznVWJhk608rC8FLTWT9IDD6EEqZLpkZP+O4UYN7ZJoMl/I585+SczvguA=="
    },
    "node_modules/@landstrip/landstrip-win32-x64": {
      "version": "0.17.30",
      "resolved": "https://registry.npmjs.org/@landstrip/landstrip-win32-x64/-/landstrip-win32-x64-0.17.30.tgz",
      "cpu": [
        "x64"
      ],
      "license": "Apache-2.0 AND LGPL-2.1-or-later",
      "optional": true,
      "os": [
        "win32"
      ],
      "integrity": "sha512-oFQ/ehX/8EpsgrJHX2Dz+q4iR4D4ypNS6FMCcAfbY7VC6A1TxQx2WeTm++cB0o0hIxZX6/xQ2NXO3ZGEFEwseg=="
    },
    "node_modules/@landstrip/landstrip-win32-arm64": {
      "version": "0.17.30",
      "resolved": "https://registry.npmjs.org/@landstrip/landstrip-win32-arm64/-/landstrip-win32-arm64-0.17.30.tgz",
      "cpu": [
        "arm64"
      ],
      "license": "Apache-2.0 AND LGPL-2.1-or-later",
      "optional": true,
      "os": [
        "win32"
      ],
      "integrity": "sha512-C0c0uDJMvXrQu0N52xVDUTvSvkdHT/99tnA9CEUWb6GUx5fKagmwr3+CBvG9uNIfhi9q2LHizizOrmg/I1A6mw=="
    }
  }
}
